// !$*UTF8*$!
{
	archiveVersion = 1;
	classes = {
	};
	objectVersion = 46;
	objects = {

/* Begin PBXBuildFile section */
		F6256F151FA84C4A00B0220A /* main.c in Sources */ = {isa = PBXBuildFile; fileRef = F6256F141FA84C4A00B0220A /* main.c */; };
		F6256F1D1FA84D2D00B0220A /* Tree.c in Sources */ = {isa = PBXBuildFile; fileRef = F6256F1B1FA84D2D00B0220A /* Tree.c */; };
/* End PBXBuildFile section */

/* Begin PBXCopyFilesBuildPhase section */
		F6256F0F1FA84C4900B0220A /* CopyFiles */ = {
			isa = PBXCopyFilesBuildPhase;
			buildActionMask = 2147483647;
			dstPath = /usr/share/man/man1/;
			dstSubfolderSpec = 0;
			files = (
			);
			runOnlyForDeploymentPostprocessing = 1;
		};
/* End PBXCopyFilesBuildPhase section */

/* Begin PBXFileReference section */
		F6256F111FA84C4A00B0220A /* Lab 4 (Trees) */ = {isa = PBXFileReference; explicitFileType = "compiled.mach-o.executable"; includeInIndex = 0; path = "Lab 4 (Trees)"; sourceTree = BUILT_PRODUCTS_DIR; };
		F6256F141FA84C4A00B0220A /* main.c */ = {isa = PBXFileReference; lastKnownFileType = sourcecode.c.c; path = main.c; sourceTree = "<group>"; };
		F6256F1B1FA84D2D00B0220A /* Tree.c */ = {isa = PBXFileReference; fileEncoding = 4; lastKnownFileType = sourcecode.c.c; path = Tree.c; sourceTree = "<group>"; };
		F6256F1C1FA84D2D00B0220A /* Tree.h */ = {isa = PBXFileReference; fileEncoding = 4; lastKnownFileType = sourcecode.c.h; path = Tree.h; sourceTree = "<group>"; };
/* End PBXFileReference section */

/* Begin PBXFrameworksBuildPhase section */
		F6256F0E1FA84C4900B0220A /* Frameworks */ = {
			isa = PBXFrameworksBuildPhase;
			buildActionMask = 2147483647;
			files = (
			);
			runOnlyForDeploymentPostprocessing = 0;
		};
/* End PBXFrameworksBuildPhase section */

/* Begin PBXGroup section */
		F6256F081FA84C4900B0220A = {
			isa = PBXGroup;
			children = (
				F6256F131FA84C4A00B0220A /* Lab 4 (Trees) */,
				F6256F121FA84C4A00B0220A /* Products */,
			);
			sourceTree = "<group>";
		};
		F6256F121FA84C4A00B0220A /* Products */ = {
			isa = PBXGroup;
			children = (
				F6256F111FA84C4A00B0220A /* Lab 4 (Trees) */,
			);
			name = Products;
			sourceTree = "<group>";
		};
		F6256F131FA84C4A00B0220A /* Lab 4 (Trees) */ = {
			isa = PBXGroup;
			children = (
				F6256F141FA84C4A00B0220A /* main.c */,
				F6256F1B1FA84D2D00B0220A /* Tree.c */,
				F6256F1C1FA84D2D00B0220A /* Tree.h */,
			);
			path = "Lab 4 (Trees)";
			sourceTree = "<group>";
		};
/* End PBXGroup section */

/* Begin PBXNativeTarget section */
		F6256F101FA84C4900B0220A /* Lab 4 (Trees) */ = {
			isa = PBXNativeTarget;
			buildConfigurationList = F6256F181FA84C4A00B0220A /* Build configuration list for PBXNativeTarget "Lab 4 (Trees)" */;
			buildPhases = (
				F6256F0D1FA84C4900B0220A /* Sources */,
				F6256F0E1FA84C4900B0220A /* Frameworks */,
				F6256F0F1FA84C4900B0220A /* CopyFiles */,
			);
			buildRules = (
			);
			dependencies = (
			);
			name = "Lab 4 (Trees)";
			productName = "Lab 4 (Trees)";
			productReference = F6256F111FA84C4A00B0220A /* Lab 4 (Trees) */;
			productType = "com.apple.product-type.tool";
		};
/* End PBXNativeTarget section */

/* Begin PBXProject section */
		F6256F091FA84C4900B0220A /* Project object */ = {
			isa = PBXProject;
			attributes = {
				LastUpgradeCheck = 0820;
				ORGANIZATIONNAME = "Christopher Clarke";
				TargetAttributes = {
					F6256F101FA84C4900B0220A = {
						CreatedOnToolsVersion = 8.2.1;
						ProvisioningStyle = Automatic;
					};
				};
			};
			buildConfigurationList = F6256F0C1FA84C4900B0220A /* Build configuration list for PBXProject "Lab 4 (Trees)" */;
			compatibilityVersion = "Xcode 3.2";
			developmentRegion = English;
			hasScannedForEncodings = 0;
			knownRegions = (
				en,
			);
			mainGroup = F6256F081FA84C4900B0220A;
			productRefGroup = F6256F121FA84C4A00B0220A /* Products */;
			projectDirPath = "";
			projectRoot = "";
			targets = (
				F6256F101FA84C4900B0220A /* Lab 4 (Trees) */,
			);
		};
/* End PBXProject section */

/* Begin PBXSourcesBuildPhase section */
		F6256F0D1FA84C4900B0220A /* Sources */ = {
			isa = PBXSourcesBuildPhase;
			buildActionMask = 2147483647;
			files = (
				F6256F151FA84C4A00B0220A /* main.c in Sources */,
				F6256F1D1FA84D2D00B0220A /* Tree.c in Sources */,
			);
			runOnlyForDeploymentPostprocessing = 0;
		};
/* End PBXSourcesBuildPhase section */

/* Begin XCBuildConfiguration section */
		F6256F161FA84C4A00B0220A /* Debug */ = {
			isa = XCBuildConfiguration;
			buildSettings = {
				ALWAYS_SEARCH_USER_PATHS = NO;
				CLANG_ANALYZER_NONNULL = YES;
				CLANG_CXX_LANGUAGE_STANDARD = "gnu++0x";
				CLANG_CXX_LIBRARY = "libc++";
				CLANG_ENABLE_MODULES = YES;
				CLANG_ENABLE_OBJC_ARC = YES;
				CLANG_WARN_BOOL_CONVERSION = YES;
				CLANG_WARN_CONSTANT_CONVERSION = YES;
				CLANG_WARN_DIRECT_OBJC_ISA_USAGE = YES_ERROR;
				CLANG_WARN_DOCUMENTATION_COMMENTS = YES;
				CLANG_WARN_EMPTY_BODY = YES;
				CLANG_WARN_ENUM_CONVERSION = YES;
				CLANG_WARN_INFINITE_RECURSION = YES;
				CLANG_WARN_INT_CONVERSION = YES;
				CLANG_WARN_OBJC_ROOT_CLASS = YES_ERROR;
				CLANG_WARN_SUSPICIOUS_MOVE = YES;
				CLANG_WARN_UNREACHABLE_CODE = YES;
				CLANG_WARN__DUPLICATE_METHOD_MATCH = YES;
				CODE_SIGN_IDENTITY = "-";
				COPY_PHASE_STRIP = NO;
				DEBUG_INFORMATION_FORMAT = dwarf;
				ENABLE_STRICT_OBJC_MSGSEND = YES;
				ENABLE_TESTABILITY = YES;
				GCC_C_LANGUAGE_STANDARD = gnu99;
				GCC_DYNAMIC_NO_PIC = NO;
				GCC_NO_COMMON_BLOCKS = YES;
				GCC_OPTIMIZATION_LEVEL = 0;
				GCC_PREPROCESSOR_DEFINITIONS = (
					"DEBUG=1",
					"$(inherited)",
				);
				GCC_WARN_64_TO_32_BIT_CONVERSION = YES;
				GCC_WARN_ABOUT_RETURN_TYPE = YES_ERROR;
				GCC_WARN_UNDECLARED_SELECTOR = YES;
				GCC_WARN_UNINITIALIZED_AUTOS = YES_AGGRESSIVE;
				GCC_WARN_UNUSED_FUNCTION = YES;
				GCC_WARN_UNUSED_VARIABLE = YES;
				MACOSX_DEPLOYMENT_TARGET = 10.12;
				MTL_ENABLE_DEBUG_INFO = YES;
				ONLY_ACTIVE_ARCH = YES;
				SDKROOT = macosx;
			};
			name = Debug;
		};
		F6256F171FA84C4A00B0220A /* Release */ = {
			isa = XCBuildConfiguration;
			buildSettings = {
				ALWAYS_SEARCH_USER_PATHS = NO;
				CLANG_ANALYZER_NONNULL = YES;
				CLANG_CXX_LANGUAGE_STANDARD = "gnu++0x";
				CLANG_CXX_LIBRARY = "libc++";
				CLANG_ENABLE_MODULES = YES;
				CLANG_ENABLE_OBJC_ARC = YES;
				CLANG_WARN_BOOL_CONVERSION = YES;
				CLANG_WARN_CONSTANT_CONVERSION = YES;
				CLANG_WARN_DIRECT_OBJC_ISA_USAGE = YES_ERROR;
				CLANG_WARN_DOCUMENTATION_COMMENTS = YES;
				CLANG_WARN_EMPTY_BODY = YES;
				CLANG_WARN_ENUM_CONVERSION = YES;
				CLANG_WARN_INFINITE_RECURSION = YES;
				CLANG_WARN_INT_CONVERSION = YES;
				CLANG_WARN_OBJC_ROOT_CLASS = YES_ERROR;
				CLANG_WARN_SUSPICIOUS_MOVE = YES;
				CLANG_WARN_UNREACHABLE_CODE = YES;
				CLANG_WARN__DUPLICATE_METHOD_MATCH = YES;
				CODE_SIGN_IDENTITY = "-";
				COPY_PHASE_STRIP = NO;
				DEBUG_INFORMATION_FORMAT = "dwarf-with-dsym";
				ENABLE_NS_ASSERTIONS = NO;
				ENABLE_STRICT_OBJC_MSGSEND = YES;
				GCC_C_LANGUAGE_STANDARD = gnu99;
				GCC_NO_COMMON_BLOCKS = YES;
				GCC_WARN_64_TO_32_BIT_CONVERSION = YES;
				GCC_WARN_ABOUT_RETURN_TYPE = YES_ERROR;
				GCC_WARN_UNDECLARED_SELECTOR = YES;
				GCC_WARN_UNINITIALIZED_AUTOS = YES_AGGRESSIVE;
				GCC_WARN_UNUSED_FUNCTION = YES;
				GCC_WARN_UNUSED_VARIABLE = YES;
				MACOSX_DEPLOYMENT_TARGET = 10.12;
				MTL_ENABLE_DEBUG_INFO = NO;
				SDKROOT = macosx;
			};
			name = Release;
		};
		F6256F191FA84C4A00B0220A /* Debug */ = {
			isa = XCBuildConfiguration;
			buildSettings = {
				PRODUCT_NAME = "$(TARGET_NAME)";
			};
			name = Debug;
		};
		F6256F1A1FA84C4A00B0220A /* Release */ = {
			isa = XCBuildConfiguration;
			buildSettings = {
				PRODUCT_NAME = "$(TARGET_NAME)";
			};
			name = Release;
		};
/* End XCBuildConfiguration section */

/* Begin XCConfigurationList section */
		F6256F0C1FA84C4900B0220A /* Build configuration list for PBXProject "Lab 4 (Trees)" */ = {
			isa = XCConfigurationList;
			buildConfigurations = (
				F6256F161FA84C4A00B0220A /* Debug */,
				F6256F171FA84C4A00B0220A /* Release */,
			);
			defaultConfigurationIsVisible = 0;
			defaultConfigurationName = Release;
		};
		F6256F181FA84C4A00B0220A /* Build configuration list for PBXNativeTarget "Lab 4 (Trees)" */ = {
			isa = XCConfigurationList;
			buildConfigurations = (
				F6256F191FA84C4A00B0220A /* Debug */,
				F6256F1A1FA84C4A00B0220A /* Release */,
			);
			defaultConfigurationIsVisible = 0;
		};
/* End XCConfigurationList section */
	};
	rootObject = F6256F091FA84C4900B0220A /* Project object */;
}
