// !$*UTF8*$!
{
	archiveVersion = 1;
	classes = {
	};
	objectVersion = 46;
	objects = {

/* Begin PBXBuildFile section */
		F68914981FB2526A004330B7 /* main.c in Sources */ = {isa = PBXBuildFile; fileRef = F68914971FB2526A004330B7 /* main.c */; };
		F68914A01FB252E1004330B7 /* Sorting_algorithms.c in Sources */ = {isa = PBXBuildFile; fileRef = F689149E1FB252E1004330B7 /* Sorting_algorithms.c */; };
		F68914A31FB257F7004330B7 /* Searching_Algorithms.c in Sources */ = {isa = PBXBuildFile; fileRef = F68914A11FB257F7004330B7 /* Searching_Algorithms.c */; };
/* End PBXBuildFile section */

/* Begin PBXCopyFilesBuildPhase section */
		F68914921FB2526A004330B7 /* CopyFiles */ = {
			isa = PBXCopyFilesBuildPhase;
			buildActionMask = 2147483647;
			dstPath = /usr/share/man/man1/;
			dstSubfolderSpec = 0;
			files = (
			);
			runOnlyForDeploymentPostprocessing = 1;
		};
/* End PBXCopyFilesBuildPhase section */

/* Begin PBXFileReference section */
		F68914941FB2526A004330B7 /* Lab 5 Sorting */ = {isa = PBXFileReference; explicitFileType = "compiled.mach-o.executable"; includeInIndex = 0; path = "Lab 5 Sorting"; sourceTree = BUILT_PRODUCTS_DIR; };
		F68914971FB2526A004330B7 /* main.c */ = {isa = PBXFileReference; lastKnownFileType = sourcecode.c.c; path = main.c; sourceTree = "<group>"; };
		F689149E1FB252E1004330B7 /* Sorting_algorithms.c */ = {isa = PBXFileReference; fileEncoding = 4; lastKnownFileType = sourcecode.c.c; path = Sorting_algorithms.c; sourceTree = "<group>"; };
		F689149F1FB252E1004330B7 /* Sorting_algorithms.h */ = {isa = PBXFileReference; fileEncoding = 4; lastKnownFileType = sourcecode.c.h; path = Sorting_algorithms.h; sourceTree = "<group>"; };
		F68914A11FB257F7004330B7 /* Searching_Algorithms.c */ = {isa = PBXFileReference; fileEncoding = 4; lastKnownFileType = sourcecode.c.c; path = Searching_Algorithms.c; sourceTree = "<group>"; };
		F68914A21FB257F7004330B7 /* Searching_Algorithms.h */ = {isa = PBXFileReference; fileEncoding = 4; lastKnownFileType = sourcecode.c.h; path = Searching_Algorithms.h; sourceTree = "<group>"; };
/* End PBXFileReference section */

/* Begin PBXFrameworksBuildPhase section */
		F68914911FB2526A004330B7 /* Frameworks */ = {
			isa = PBXFrameworksBuildPhase;
			buildActionMask = 2147483647;
			files = (
			);
			runOnlyForDeploymentPostprocessing = 0;
		};
/* End PBXFrameworksBuildPhase section */

/* Begin PBXGroup section */
		F689148B1FB2526A004330B7 = {
			isa = PBXGroup;
			children = (
				F68914961FB2526A004330B7 /* Lab 5 Sorting */,
				F68914951FB2526A004330B7 /* Products */,
			);
			sourceTree = "<group>";
		};
		F68914951FB2526A004330B7 /* Products */ = {
			isa = PBXGroup;
			children = (
				F68914941FB2526A004330B7 /* Lab 5 Sorting */,
			);
			name = Products;
			sourceTree = "<group>";
		};
		F68914961FB2526A004330B7 /* Lab 5 Sorting */ = {
			isa = PBXGroup;
			children = (
				F68914971FB2526A004330B7 /* main.c */,
				F68914A11FB257F7004330B7 /* Searching_Algorithms.c */,
				F68914A21FB257F7004330B7 /* Searching_Algorithms.h */,
				F689149E1FB252E1004330B7 /* Sorting_algorithms.c */,
				F689149F1FB252E1004330B7 /* Sorting_algorithms.h */,
			);
			path = "Lab 5 Sorting";
			sourceTree = "<group>";
		};
/* End PBXGroup section */

/* Begin PBXNativeTarget section */
		F68914931FB2526A004330B7 /* Lab 5 Sorting */ = {
			isa = PBXNativeTarget;
			buildConfigurationList = F689149B1FB2526A004330B7 /* Build configuration list for PBXNativeTarget "Lab 5 Sorting" */;
			buildPhases = (
				F68914901FB2526A004330B7 /* Sources */,
				F68914911FB2526A004330B7 /* Frameworks */,
				F68914921FB2526A004330B7 /* CopyFiles */,
			);
			buildRules = (
			);
			dependencies = (
			);
			name = "Lab 5 Sorting";
			productName = "Lab 5 Sorting";
			productReference = F68914941FB2526A004330B7 /* Lab 5 Sorting */;
			productType = "com.apple.product-type.tool";
		};
/* End PBXNativeTarget section */

/* Begin PBXProject section */
		F689148C1FB2526A004330B7 /* Project object */ = {
			isa = PBXProject;
			attributes = {
				LastUpgradeCheck = 0820;
				ORGANIZATIONNAME = "Christopher Clarke";
				TargetAttributes = {
					F68914931FB2526A004330B7 = {
						CreatedOnToolsVersion = 8.2.1;
						ProvisioningStyle = Automatic;
					};
				};
			};
			buildConfigurationList = F689148F1FB2526A004330B7 /* Build configuration list for PBXProject "Lab 5 Sorting" */;
			compatibilityVersion = "Xcode 3.2";
			developmentRegion = English;
			hasScannedForEncodings = 0;
			knownRegions = (
				en,
			);
			mainGroup = F689148B1FB2526A004330B7;
			productRefGroup = F68914951FB2526A004330B7 /* Products */;
			projectDirPath = "";
			projectRoot = "";
			targets = (
				F68914931FB2526A004330B7 /* Lab 5 Sorting */,
			);
		};
/* End PBXProject section */

/* Begin PBXSourcesBuildPhase section */
		F68914901FB2526A004330B7 /* Sources */ = {
			isa = PBXSourcesBuildPhase;
			buildActionMask = 2147483647;
			files = (
				F68914981FB2526A004330B7 /* main.c in Sources */,
				F68914A01FB252E1004330B7 /* Sorting_algorithms.c in Sources */,
				F68914A31FB257F7004330B7 /* Searching_Algorithms.c in Sources */,
			);
			runOnlyForDeploymentPostprocessing = 0;
		};
/* End PBXSourcesBuildPhase section */

/* Begin XCBuildConfiguration section */
		F68914991FB2526A004330B7 /* Debug */ = {
			isa = XCBuildConfiguration;
			buildSettings = {
				ALWAYS_SEARCH_USER_PATHS = NO;
				CLANG_ANALYZER_NONNULL = YES;
				CLANG_CXX_LANGUAGE_STANDARD = "gnu++0x";
				CLANG_CXX_LIBRARY = "libc++";
				CLANG_ENABLE_MODULES = YES;
				CLANG_ENABLE_OBJC_ARC = YES;
				CLANG_WARN_BOOL_CONVERSION = YES;
				CLANG_WARN_CONSTANT_CONVERSION = YES;
				CLANG_WARN_DIRECT_OBJC_ISA_USAGE = YES_ERROR;
				CLANG_WARN_DOCUMENTATION_COMMENTS = YES;
				CLANG_WARN_EMPTY_BODY = YES;
				CLANG_WARN_ENUM_CONVERSION = YES;
				CLANG_WARN_INFINITE_RECURSION = YES;
				CLANG_WARN_INT_CONVERSION = YES;
				CLANG_WARN_OBJC_ROOT_CLASS = YES_ERROR;
				CLANG_WARN_SUSPICIOUS_MOVE = YES;
				CLANG_WARN_UNREACHABLE_CODE = YES;
				CLANG_WARN__DUPLICATE_METHOD_MATCH = YES;
				CODE_SIGN_IDENTITY = "-";
				COPY_PHASE_STRIP = NO;
				DEBUG_INFORMATION_FORMAT = dwarf;
				ENABLE_STRICT_OBJC_MSGSEND = YES;
				ENABLE_TESTABILITY = YES;
				GCC_C_LANGUAGE_STANDARD = gnu99;
				GCC_DYNAMIC_NO_PIC = NO;
				GCC_NO_COMMON_BLOCKS = YES;
				GCC_OPTIMIZATION_LEVEL = 0;
				GCC_PREPROCESSOR_DEFINITIONS = (
					"DEBUG=1",
					"$(inherited)",
				);
				GCC_WARN_64_TO_32_BIT_CONVERSION = YES;
				GCC_WARN_ABOUT_RETURN_TYPE = YES_ERROR;
				GCC_WARN_UNDECLARED_SELECTOR = YES;
				GCC_WARN_UNINITIALIZED_AUTOS = YES_AGGRESSIVE;
				GCC_WARN_UNUSED_FUNCTION = YES;
				GCC_WARN_UNUSED_VARIABLE = YES;
				MACOSX_DEPLOYMENT_TARGET = 10.12;
				MTL_ENABLE_DEBUG_INFO = YES;
				ONLY_ACTIVE_ARCH = YES;
				SDKROOT = macosx;
			};
			name = Debug;
		};
		F689149A1FB2526A004330B7 /* Release */ = {
			isa = XCBuildConfiguration;
			buildSettings = {
				ALWAYS_SEARCH_USER_PATHS = NO;
				CLANG_ANALYZER_NONNULL = YES;
				CLANG_CXX_LANGUAGE_STANDARD = "gnu++0x";
				CLANG_CXX_LIBRARY = "libc++";
				CLANG_ENABLE_MODULES = YES;
				CLANG_ENABLE_OBJC_ARC = YES;
				CLANG_WARN_BOOL_CONVERSION = YES;
				CLANG_WARN_CONSTANT_CONVERSION = YES;
				CLANG_WARN_DIRECT_OBJC_ISA_USAGE = YES_ERROR;
				CLANG_WARN_DOCUMENTATION_COMMENTS = YES;
				CLANG_WARN_EMPTY_BODY = YES;
				CLANG_WARN_ENUM_CONVERSION = YES;
				CLANG_WARN_INFINITE_RECURSION = YES;
				CLANG_WARN_INT_CONVERSION = YES;
				CLANG_WARN_OBJC_ROOT_CLASS = YES_ERROR;
				CLANG_WARN_SUSPICIOUS_MOVE = YES;
				CLANG_WARN_UNREACHABLE_CODE = YES;
				CLANG_WARN__DUPLICATE_METHOD_MATCH = YES;
				CODE_SIGN_IDENTITY = "-";
				COPY_PHASE_STRIP = NO;
				DEBUG_INFORMATION_FORMAT = "dwarf-with-dsym";
				ENABLE_NS_ASSERTIONS = NO;
				ENABLE_STRICT_OBJC_MSGSEND = YES;
				GCC_C_LANGUAGE_STANDARD = gnu99;
				GCC_NO_COMMON_BLOCKS = YES;
				GCC_WARN_64_TO_32_BIT_CONVERSION = YES;
				GCC_WARN_ABOUT_RETURN_TYPE = YES_ERROR;
				GCC_WARN_UNDECLARED_SELECTOR = YES;
				GCC_WARN_UNINITIALIZED_AUTOS = YES_AGGRESSIVE;
				GCC_WARN_UNUSED_FUNCTION = YES;
				GCC_WARN_UNUSED_VARIABLE = YES;
				MACOSX_DEPLOYMENT_TARGET = 10.12;
				MTL_ENABLE_DEBUG_INFO = NO;
				SDKROOT = macosx;
			};
			name = Release;
		};
		F689149C1FB2526A004330B7 /* Debug */ = {
			isa = XCBuildConfiguration;
			buildSettings = {
				PRODUCT_NAME = "$(TARGET_NAME)";
			};
			name = Debug;
		};
		F689149D1FB2526A004330B7 /* Release */ = {
			isa = XCBuildConfiguration;
			buildSettings = {
				PRODUCT_NAME = "$(TARGET_NAME)";
			};
			name = Release;
		};
/* End XCBuildConfiguration section */

/* Begin XCConfigurationList section */
		F689148F1FB2526A004330B7 /* Build configuration list for PBXProject "Lab 5 Sorting" */ = {
			isa = XCConfigurationList;
			buildConfigurations = (
				F68914991FB2526A004330B7 /* Debug */,
				F689149A1FB2526A004330B7 /* Release */,
			);
			defaultConfigurationIsVisible = 0;
			defaultConfigurationName = Release;
		};
		F689149B1FB2526A004330B7 /* Build configuration list for PBXNativeTarget "Lab 5 Sorting" */ = {
			isa = XCConfigurationList;
			buildConfigurations = (
				F689149C1FB2526A004330B7 /* Debug */,
				F689149D1FB2526A004330B7 /* Release */,
			);
			defaultConfigurationIsVisible = 0;
		};
/* End XCConfigurationList section */
	};
	rootObject = F689148C1FB2526A004330B7 /* Project object */;
}
